
Microsoft Visual Studio Solution File, Format Version 12.00
# Visual Studio 15
Project("{FAE04EC0-301F-11D3-BF4B-00C04F79EFBC}") = "UnityEngine.TestRunner", "UnityEngine.TestRunner.csproj", "{BF602C6F-B0C3-6AFB-72D8-D2F1D86197AE}"
EndProject
Project("{FAE04EC0-301F-11D3-BF4B-00C04F79EFBC}") = "UnityEngine.UI", "UnityEngine.UI.csproj", "{EEA19E98-85EE-655F-6F89-4638DB7B1A42}"
EndProject
Project("{FAE04EC0-301F-11D3-BF4B-00C04F79EFBC}") = "Unity.VisualScripting.Flow", "Unity.VisualScripting.Flow.csproj", "{CBC153BF-0AF6-8955-DDEA-D5B9FACE76FC}"
EndProject
Project("{FAE04EC0-301F-11D3-BF4B-00C04F79EFBC}") = "Unity.Services.Core.Telemetry", "Unity.Services.Core.Telemetry.csproj", "{C7E90C97-7395-D4E9-6779-D0234C610A5C}"
EndProject
Project("{FAE04EC0-301F-11D3-BF4B-00C04F79EFBC}") = "Unity.VisualScripting.State", "Unity.VisualScripting.State.csproj", "{8CEF1181-ECD7-45EE-4538-7E85A0E1FBC8}"
EndProject
Project("{FAE04EC0-301F-11D3-BF4B-00C04F79EFBC}") = "Unity.VisualScripting.Core", "Unity.VisualScripting.Core.csproj", "{CF696782-2541-E3B2-6101-108A525011B3}"
EndProject
Project("{FAE04EC0-301F-11D3-BF4B-00C04F79EFBC}") = "Unity.Services.Core.Environments.Internal", "Unity.Services.Core.Environments.Internal.csproj", "{6610EC7D-125E-CE58-AD07-E91DA7F50795}"
EndProject
Project("{FAE04EC0-301F-11D3-BF4B-00C04F79EFBC}") = "Unity.TextMeshPro", "Unity.TextMeshPro.csproj", "{ABF40865-A9A7-C6F4-5B96-5022EE43F6E7}"
EndProject
Project("{FAE04EC0-301F-11D3-BF4B-00C04F79EFBC}") = "Unity.Timeline", "Unity.Timeline.csproj", "{D48B3BC6-BA40-2E34-A8EA-1CEA29C564BE}"
EndProject
Project("{FAE04EC0-301F-11D3-BF4B-00C04F79EFBC}") = "Unity.Services.Core", "Unity.Services.Core.csproj", "{79AEDD81-F0D5-B888-5171-5C6F8C83F842}"
EndProject
Project("{FAE04EC0-301F-11D3-BF4B-00C04F79EFBC}") = "Unity.Services.Core.Environments", "Unity.Services.Core.Environments.csproj", "{5C2C815B-4587-2083-63E9-975EAA6F9265}"
EndProject
Project("{FAE04EC0-301F-11D3-BF4B-00C04F79EFBC}") = "Unity.Services.Core.Internal", "Unity.Services.Core.Internal.csproj", "{8D71FE89-65DE-B95B-B41E-9675DE5AA641}"
EndProject
Project("{FAE04EC0-301F-11D3-BF4B-00C04F79EFBC}") = "Unity.Services.Core.Analytics", "Unity.Services.Core.Analytics.csproj", "{6301AA16-3D82-474A-D3F6-F13AEFDDE0F8}"
EndProject
Project("{FAE04EC0-301F-11D3-BF4B-00C04F79EFBC}") = "Unity.Services.Core.Scheduler", "Unity.Services.Core.Scheduler.csproj", "{532B3243-20EA-2B5E-7A8F-6589D081ECF5}"
EndProject
Project("{FAE04EC0-301F-11D3-BF4B-00C04F79EFBC}") = "Unity.Services.Core.Registration", "Unity.Services.Core.Registration.csproj", "{66CBECCB-1291-B899-B12B-26325E64C1C3}"
EndProject
Project("{FAE04EC0-301F-11D3-BF4B-00C04F79EFBC}") = "Unity.Services.Core.Device", "Unity.Services.Core.Device.csproj", "{26B8C5BC-D8DA-D604-2554-7745874DC033}"
EndProject
Project("{FAE04EC0-301F-11D3-BF4B-00C04F79EFBC}") = "Unity.Services.Core.Threading", "Unity.Services.Core.Threading.csproj", "{5CD6F6B9-C4A2-3575-25AE-26FB5520ECA9}"
EndProject
Project("{FAE04EC0-301F-11D3-BF4B-00C04F79EFBC}") = "Unity.Services.Core.Networking", "Unity.Services.Core.Networking.csproj", "{D08974FD-CAC6-07E4-F5B9-A4232DD37482}"
EndProject
Project("{FAE04EC0-301F-11D3-BF4B-00C04F79EFBC}") = "Unity.Services.Core.Configuration", "Unity.Services.Core.Configuration.csproj", "{93F266B5-8F5E-3CEC-0F58-A1209BED11E5}"
EndProject
Project("{FAE04EC0-301F-11D3-BF4B-00C04F79EFBC}") = "Assembly-CSharp", "Assembly-CSharp.csproj", "{AC439A6C-9A09-DC23-0ED8-434634CC0E04}"
EndProject
Project("{FAE04EC0-301F-11D3-BF4B-00C04F79EFBC}") = "Unity.PlasticSCM.Editor", "Unity.PlasticSCM.Editor.csproj", "{5CF483D0-1A6C-81B2-5A29-BD2E207541DD}"
EndProject
Project("{FAE04EC0-301F-11D3-BF4B-00C04F79EFBC}") = "Unity.VisualScripting.Core.Editor", "Unity.VisualScripting.Core.Editor.csproj", "{B43B008D-5A18-9D11-DC45-6C33D464B218}"
EndProject
Project("{FAE04EC0-301F-11D3-BF4B-00C04F79EFBC}") = "Unity.VisualScripting.Flow.Editor", "Unity.VisualScripting.Flow.Editor.csproj", "{3DB60C1F-91CD-F35F-470A-1375B4DD94D1}"
EndProject
Project("{FAE04EC0-301F-11D3-BF4B-00C04F79EFBC}") = "Unity.VisualStudio.Editor", "Unity.VisualStudio.Editor.csproj", "{FC58E9EC-4202-9271-0E37-7409197E273E}"
EndProject
Project("{FAE04EC0-301F-11D3-BF4B-00C04F79EFBC}") = "Unity.Timeline.Editor", "Unity.Timeline.Editor.csproj", "{5B549084-163F-46FF-3173-BE0A29EAA35B}"
EndProject
Project("{FAE04EC0-301F-11D3-BF4B-00C04F79EFBC}") = "Unity.VisualScripting.State.Editor", "Unity.VisualScripting.State.Editor.csproj", "{1958BD8B-D4EF-8FBA-412F-068D6926EAC4}"
EndProject
Project("{FAE04EC0-301F-11D3-BF4B-00C04F79EFBC}") = "Unity.TextMeshPro.Editor", "Unity.TextMeshPro.Editor.csproj", "{4F6B2116-F221-9AEC-D0D6-918EC800AD1A}"
EndProject
Project("{FAE04EC0-301F-11D3-BF4B-00C04F79EFBC}") = "Unity.VisualScripting.SettingsProvider.Editor", "Unity.VisualScripting.SettingsProvider.Editor.csproj", "{DA16DD72-029F-CC8B-9693-1D1EB8978D2E}"
EndProject
Project("{FAE04EC0-301F-11D3-BF4B-00C04F79EFBC}") = "Unity.CollabProxy.Editor", "Unity.CollabProxy.Editor.csproj", "{144893E2-E7CE-975B-4F00-E075EE40DF0A}"
EndProject
Project("{FAE04EC0-301F-11D3-BF4B-00C04F79EFBC}") = "UnityEditor.TestRunner", "UnityEditor.TestRunner.csproj", "{EF391339-50FF-1DDC-5E3A-C9890EB56F99}"
EndProject
Project("{FAE04EC0-301F-11D3-BF4B-00C04F79EFBC}") = "Unity.Services.Core.Editor", "Unity.Services.Core.Editor.csproj", "{652B8F33-F971-0CA3-9C2F-49686DE16160}"
EndProject
Project("{FAE04EC0-301F-11D3-BF4B-00C04F79EFBC}") = "Unity.TestTools.CodeCoverage.Editor", "Unity.TestTools.CodeCoverage.Editor.csproj", "{7D445006-7984-DA1B-BE56-F90BE133ED1E}"
EndProject
Project("{FAE04EC0-301F-11D3-BF4B-00C04F79EFBC}") = "Unity.Rider.Editor", "Unity.Rider.Editor.csproj", "{12058183-9DDA-435F-67C1-7BAD43EFC5B9}"
EndProject
Project("{FAE04EC0-301F-11D3-BF4B-00C04F79EFBC}") = "Unity.Performance.Profile-Analyzer.Editor", "Unity.Performance.Profile-Analyzer.Editor.csproj", "{8790D7A0-FEA4-20B3-31EA-B7E5C1133014}"
EndProject
Project("{FAE04EC0-301F-11D3-BF4B-00C04F79EFBC}") = "Unity.VSCode.Editor", "Unity.VSCode.Editor.csproj", "{81DD81D5-46CD-69E6-669F-09E9CAF5A1B1}"
EndProject
Project("{FAE04EC0-301F-11D3-BF4B-00C04F79EFBC}") = "UnityEditor.UI", "UnityEditor.UI.csproj", "{B7BAC44A-EF77-5B9E-8024-0FD3DB1AA950}"
EndProject
Project("{FAE04EC0-301F-11D3-BF4B-00C04F79EFBC}") = "Unity.TestTools.CodeCoverage.Editor.OpenCover.Model", "Unity.TestTools.CodeCoverage.Editor.OpenCover.Model.csproj", "{DE5AA8C6-1B2A-C0B4-DFD8-05FCBADEAE28}"
EndProject
Project("{FAE04EC0-301F-11D3-BF4B-00C04F79EFBC}") = "Unity.EditorCoroutines.Editor", "Unity.EditorCoroutines.Editor.csproj", "{0179B58E-A0AD-242B-E352-4E27441267EF}"
EndProject
Project("{FAE04EC0-301F-11D3-BF4B-00C04F79EFBC}") = "Unity.Settings.Editor", "Unity.Settings.Editor.csproj", "{F6DEB70F-DFAF-0AE1-A43C-052498FAF755}"
EndProject
Project("{FAE04EC0-301F-11D3-BF4B-00C04F79EFBC}") = "Unity.Services.Core.Configuration.Editor", "Unity.Services.Core.Configuration.Editor.csproj", "{CC4FA766-155C-3F8D-0F8A-225C9E27F72B}"
EndProject
Project("{FAE04EC0-301F-11D3-BF4B-00C04F79EFBC}") = "Unity.TestTools.CodeCoverage.Editor.OpenCover.Mono.Reflection", "Unity.TestTools.CodeCoverage.Editor.OpenCover.Mono.Reflection.csproj", "{8BB96991-119F-BB74-7E18-A74050E9B4BD}"
EndProject
Project("{FAE04EC0-301F-11D3-BF4B-00C04F79EFBC}") = "Unity.VisualScripting.Shared.Editor", "Unity.VisualScripting.Shared.Editor.csproj", "{DEE6A7ED-C470-740D-E205-20CFF262D466}"
EndProject
Project("{FAE04EC0-301F-11D3-BF4B-00C04F79EFBC}") = "UnityEngine.TestRunner", "UnityEngine.TestRunner.Player.csproj", "{7D00107A-EC8A-3A30-8B67-4B1E959A9280}"
EndProject
Project("{FAE04EC0-301F-11D3-BF4B-00C04F79EFBC}") = "UnityEngine.UI", "UnityEngine.UI.Player.csproj", "{17678114-3DEF-C64E-FEB9-92FCB9D8D5CB}"
EndProject
Project("{FAE04EC0-301F-11D3-BF4B-00C04F79EFBC}") = "Unity.VisualScripting.Flow", "Unity.VisualScripting.Flow.Player.csproj", "{329FE0E5-AE94-5373-D7CF-96FB847E3805}"
EndProject
Project("{FAE04EC0-301F-11D3-BF4B-00C04F79EFBC}") = "Unity.Services.Core.Telemetry", "Unity.Services.Core.Telemetry.Player.csproj", "{8A1161F1-A26F-7AEF-0B03-D2BED1FF3707}"
EndProject
Project("{FAE04EC0-301F-11D3-BF4B-00C04F79EFBC}") = "Unity.VisualScripting.State", "Unity.VisualScripting.State.Player.csproj", "{C7A76D99-7C99-365A-9668-4496547C3B8F}"
EndProject
Project("{FAE04EC0-301F-11D3-BF4B-00C04F79EFBC}") = "Unity.VisualScripting.Core", "Unity.VisualScripting.Core.Player.csproj", "{D0F56E3B-F29E-EDD4-E4CE-90172913E5D8}"
EndProject
Project("{FAE04EC0-301F-11D3-BF4B-00C04F79EFBC}") = "Unity.Services.Core.Environments.Internal", "Unity.Services.Core.Environments.Internal.Player.csproj", "{BB81B990-A852-CDAB-DDA0-FBE2ED25152B}"
EndProject
Project("{FAE04EC0-301F-11D3-BF4B-00C04F79EFBC}") = "Unity.TextMeshPro", "Unity.TextMeshPro.Player.csproj", "{BA9EE46A-7C44-0DE6-FA2A-609A7ECEE2DD}"
EndProject
Project("{FAE04EC0-301F-11D3-BF4B-00C04F79EFBC}") = "Unity.Timeline", "Unity.Timeline.Player.csproj", "{D4C01656-ADE1-55B5-9BB1-D604B8F5E07C}"
EndProject
Project("{FAE04EC0-301F-11D3-BF4B-00C04F79EFBC}") = "Unity.Services.Core", "Unity.Services.Core.Player.csproj", "{1E7DBFDA-BC8A-19BF-49F4-E2960D9191B5}"
EndProject
Project("{FAE04EC0-301F-11D3-BF4B-00C04F79EFBC}") = "Unity.Services.Core.Environments", "Unity.Services.Core.Environments.Player.csproj", "{B0C35C48-069A-1FC1-C5E3-C32215FF9A6B}"
EndProject
Project("{FAE04EC0-301F-11D3-BF4B-00C04F79EFBC}") = "Unity.Services.Core.Internal", "Unity.Services.Core.Internal.Player.csproj", "{F4256684-AC25-DC7F-614C-3AB6A72059C2}"
EndProject
Project("{FAE04EC0-301F-11D3-BF4B-00C04F79EFBC}") = "Unity.Services.Core.Analytics", "Unity.Services.Core.Analytics.Player.csproj", "{7BA23BF7-CE22-601E-E7A2-33C68007CEEC}"
EndProject
Project("{FAE04EC0-301F-11D3-BF4B-00C04F79EFBC}") = "Unity.Services.Core.Scheduler", "Unity.Services.Core.Scheduler.Player.csproj", "{AE406EE7-F9FC-0B2A-E5A2-9C082D5F3A24}"
EndProject
Project("{FAE04EC0-301F-11D3-BF4B-00C04F79EFBC}") = "Unity.Services.Core.Registration", "Unity.Services.Core.Registration.Player.csproj", "{4128F401-297F-1CA4-7A1C-77200ADF1EF7}"
EndProject
Project("{FAE04EC0-301F-11D3-BF4B-00C04F79EFBC}") = "Unity.Services.Core.Device", "Unity.Services.Core.Device.Player.csproj", "{5A850FDA-6441-E313-D438-81BB6C31E9FD}"
EndProject
Project("{FAE04EC0-301F-11D3-BF4B-00C04F79EFBC}") = "Unity.Services.Core.Threading", "Unity.Services.Core.Threading.Player.csproj", "{BE225F95-749D-207C-8466-1EB0FA349A40}"
EndProject
Project("{FAE04EC0-301F-11D3-BF4B-00C04F79EFBC}") = "Unity.Services.Core.Networking", "Unity.Services.Core.Networking.Player.csproj", "{72AF0829-7C11-E341-8B98-78242B3B1405}"
EndProject
Project("{FAE04EC0-301F-11D3-BF4B-00C04F79EFBC}") = "Unity.Services.Core.Configuration", "Unity.Services.Core.Configuration.Player.csproj", "{F468EADD-7AB6-4655-1047-A3CF5C04978A}"
EndProject
Project("{FAE04EC0-301F-11D3-BF4B-00C04F79EFBC}") = "Assembly-CSharp", "Assembly-CSharp.Player.csproj", "{683307CE-19C2-1BB5-696F-61C4C8E0859D}"
EndProject
Global
	GlobalSection(SolutionConfigurationPlatforms) = preSolution
		Debug|Any CPU = Debug|Any CPU
		Release|Any CPU = Release|Any CPU
	EndGlobalSection
	GlobalSection(ProjectConfigurationPlatforms) = postSolution
		{BF602C6F-B0C3-6AFB-72D8-D2F1D86197AE}.Debug|Any CPU.ActiveCfg = Debug|Any CPU
		{BF602C6F-B0C3-6AFB-72D8-D2F1D86197AE}.Debug|Any CPU.Build.0 = Debug|Any CPU
		{BF602C6F-B0C3-6AFB-72D8-D2F1D86197AE}.Release|Any CPU.ActiveCfg = Release|Any CPU
		{BF602C6F-B0C3-6AFB-72D8-D2F1D86197AE}.Release|Any CPU.Build.0 = Release|Any CPU
		{EEA19E98-85EE-655F-6F89-4638DB7B1A42}.Debug|Any CPU.ActiveCfg = Debug|Any CPU
		{EEA19E98-85EE-655F-6F89-4638DB7B1A42}.Debug|Any CPU.Build.0 = Debug|Any CPU
		{EEA19E98-85EE-655F-6F89-4638DB7B1A42}.Release|Any CPU.ActiveCfg = Release|Any CPU
		{EEA19E98-85EE-655F-6F89-4638DB7B1A42}.Release|Any CPU.Build.0 = Release|Any CPU
		{CBC153BF-0AF6-8955-DDEA-D5B9FACE76FC}.Debug|Any CPU.ActiveCfg = Debug|Any CPU
		{CBC153BF-0AF6-8955-DDEA-D5B9FACE76FC}.Debug|Any CPU.Build.0 = Debug|Any CPU
		{CBC153BF-0AF6-8955-DDEA-D5B9FACE76FC}.Release|Any CPU.ActiveCfg = Release|Any CPU
		{CBC153BF-0AF6-8955-DDEA-D5B9FACE76FC}.Release|Any CPU.Build.0 = Release|Any CPU
		{C7E90C97-7395-D4E9-6779-D0234C610A5C}.Debug|Any CPU.ActiveCfg = Debug|Any CPU
		{C7E90C97-7395-D4E9-6779-D0234C610A5C}.Debug|Any CPU.Build.0 = Debug|Any CPU
		{C7E90C97-7395-D4E9-6779-D0234C610A5C}.Release|Any CPU.ActiveCfg = Release|Any CPU
		{C7E90C97-7395-D4E9-6779-D0234C610A5C}.Release|Any CPU.Build.0 = Release|Any CPU
		{8CEF1181-ECD7-45EE-4538-7E85A0E1FBC8}.Debug|Any CPU.ActiveCfg = Debug|Any CPU
		{8CEF1181-ECD7-45EE-4538-7E85A0E1FBC8}.Debug|Any CPU.Build.0 = Debug|Any CPU
		{8CEF1181-ECD7-45EE-4538-7E85A0E1FBC8}.Release|Any CPU.ActiveCfg = Release|Any CPU
		{8CEF1181-ECD7-45EE-4538-7E85A0E1FBC8}.Release|Any CPU.Build.0 = Release|Any CPU
		{CF696782-2541-E3B2-6101-108A525011B3}.Debug|Any CPU.ActiveCfg = Debug|Any CPU
		{CF696782-2541-E3B2-6101-108A525011B3}.Debug|Any CPU.Build.0 = Debug|Any CPU
		{CF696782-2541-E3B2-6101-108A525011B3}.Release|Any CPU.ActiveCfg = Release|Any CPU
		{CF696782-2541-E3B2-6101-108A525011B3}.Release|Any CPU.Build.0 = Release|Any CPU
		{6610EC7D-125E-CE58-AD07-E91DA7F50795}.Debug|Any CPU.ActiveCfg = Debug|Any CPU
		{6610EC7D-125E-CE58-AD07-E91DA7F50795}.Debug|Any CPU.Build.0 = Debug|Any CPU
		{6610EC7D-125E-CE58-AD07-E91DA7F50795}.Release|Any CPU.ActiveCfg = Release|Any CPU
		{6610EC7D-125E-CE58-AD07-E91DA7F50795}.Release|Any CPU.Build.0 = Release|Any CPU
		{ABF40865-A9A7-C6F4-5B96-5022EE43F6E7}.Debug|Any CPU.ActiveCfg = Debug|Any CPU
		{ABF40865-A9A7-C6F4-5B96-5022EE43F6E7}.Debug|Any CPU.Build.0 = Debug|Any CPU
		{ABF40865-A9A7-C6F4-5B96-5022EE43F6E7}.Release|Any CPU.ActiveCfg = Release|Any CPU
		{ABF40865-A9A7-C6F4-5B96-5022EE43F6E7}.Release|Any CPU.Build.0 = Release|Any CPU
		{D48B3BC6-BA40-2E34-A8EA-1CEA29C564BE}.Debug|Any CPU.ActiveCfg = Debug|Any CPU
		{D48B3BC6-BA40-2E34-A8EA-1CEA29C564BE}.Debug|Any CPU.Build.0 = Debug|Any CPU
		{D48B3BC6-BA40-2E34-A8EA-1CEA29C564BE}.Release|Any CPU.ActiveCfg = Release|Any CPU
		{D48B3BC6-BA40-2E34-A8EA-1CEA29C564BE}.Release|Any CPU.Build.0 = Release|Any CPU
		{79AEDD81-F0D5-B888-5171-5C6F8C83F842}.Debug|Any CPU.ActiveCfg = Debug|Any CPU
		{79AEDD81-F0D5-B888-5171-5C6F8C83F842}.Debug|Any CPU.Build.0 = Debug|Any CPU
		{79AEDD81-F0D5-B888-5171-5C6F8C83F842}.Release|Any CPU.ActiveCfg = Release|Any CPU
		{79AEDD81-F0D5-B888-5171-5C6F8C83F842}.Release|Any CPU.Build.0 = Release|Any CPU
		{5C2C815B-4587-2083-63E9-975EAA6F9265}.Debug|Any CPU.ActiveCfg = Debug|Any CPU
		{5C2C815B-4587-2083-63E9-975EAA6F9265}.Debug|Any CPU.Build.0 = Debug|Any CPU
		{5C2C815B-4587-2083-63E9-975EAA6F9265}.Release|Any CPU.ActiveCfg = Release|Any CPU
		{5C2C815B-4587-2083-63E9-975EAA6F9265}.Release|Any CPU.Build.0 = Release|Any CPU
		{8D71FE89-65DE-B95B-B41E-9675DE5AA641}.Debug|Any CPU.ActiveCfg = Debug|Any CPU
		{8D71FE89-65DE-B95B-B41E-9675DE5AA641}.Debug|Any CPU.Build.0 = Debug|Any CPU
		{8D71FE89-65DE-B95B-B41E-9675DE5AA641}.Release|Any CPU.ActiveCfg = Release|Any CPU
		{8D71FE89-65DE-B95B-B41E-9675DE5AA641}.Release|Any CPU.Build.0 = Release|Any CPU
		{6301AA16-3D82-474A-D3F6-F13AEFDDE0F8}.Debug|Any CPU.ActiveCfg = Debug|Any CPU
		{6301AA16-3D82-474A-D3F6-F13AEFDDE0F8}.Debug|Any CPU.Build.0 = Debug|Any CPU
		{6301AA16-3D82-474A-D3F6-F13AEFDDE0F8}.Release|Any CPU.ActiveCfg = Release|Any CPU
		{6301AA16-3D82-474A-D3F6-F13AEFDDE0F8}.Release|Any CPU.Build.0 = Release|Any CPU
		{532B3243-20EA-2B5E-7A8F-6589D081ECF5}.Debug|Any CPU.ActiveCfg = Debug|Any CPU
		{532B3243-20EA-2B5E-7A8F-6589D081ECF5}.Debug|Any CPU.Build.0 = Debug|Any CPU
		{532B3243-20EA-2B5E-7A8F-6589D081ECF5}.Release|Any CPU.ActiveCfg = Release|Any CPU
		{532B3243-20EA-2B5E-7A8F-6589D081ECF5}.Release|Any CPU.Build.0 = Release|Any CPU
		{66CBECCB-1291-B899-B12B-26325E64C1C3}.Debug|Any CPU.ActiveCfg = Debug|Any CPU
		{66CBECCB-1291-B899-B12B-26325E64C1C3}.Debug|Any CPU.Build.0 = Debug|Any CPU
		{66CBECCB-1291-B899-B12B-26325E64C1C3}.Release|Any CPU.ActiveCfg = Release|Any CPU
		{66CBECCB-1291-B899-B12B-26325E64C1C3}.Release|Any CPU.Build.0 = Release|Any CPU
		{26B8C5BC-D8DA-D604-2554-7745874DC033}.Debug|Any CPU.ActiveCfg = Debug|Any CPU
		{26B8C5BC-D8DA-D604-2554-7745874DC033}.Debug|Any CPU.Build.0 = Debug|Any CPU
		{26B8C5BC-D8DA-D604-2554-7745874DC033}.Release|Any CPU.ActiveCfg = Release|Any CPU
		{26B8C5BC-D8DA-D604-2554-7745874DC033}.Release|Any CPU.Build.0 = Release|Any CPU
		{5CD6F6B9-C4A2-3575-25AE-26FB5520ECA9}.Debug|Any CPU.ActiveCfg = Debug|Any CPU
		{5CD6F6B9-C4A2-3575-25AE-26FB5520ECA9}.Debug|Any CPU.Build.0 = Debug|Any CPU
		{5CD6F6B9-C4A2-3575-25AE-26FB5520ECA9}.Release|Any CPU.ActiveCfg = Release|Any CPU
		{5CD6F6B9-C4A2-3575-25AE-26FB5520ECA9}.Release|Any CPU.Build.0 = Release|Any CPU
		{D08974FD-CAC6-07E4-F5B9-A4232DD37482}.Debug|Any CPU.ActiveCfg = Debug|Any CPU
		{D08974FD-CAC6-07E4-F5B9-A4232DD37482}.Debug|Any CPU.Build.0 = Debug|Any CPU
		{D08974FD-CAC6-07E4-F5B9-A4232DD37482}.Release|Any CPU.ActiveCfg = Release|Any CPU
		{D08974FD-CAC6-07E4-F5B9-A4232DD37482}.Release|Any CPU.Build.0 = Release|Any CPU
		{93F266B5-8F5E-3CEC-0F58-A1209BED11E5}.Debug|Any CPU.ActiveCfg = Debug|Any CPU
		{93F266B5-8F5E-3CEC-0F58-A1209BED11E5}.Debug|Any CPU.Build.0 = Debug|Any CPU
		{93F266B5-8F5E-3CEC-0F58-A1209BED11E5}.Release|Any CPU.ActiveCfg = Release|Any CPU
		{93F266B5-8F5E-3CEC-0F58-A1209BED11E5}.Release|Any CPU.Build.0 = Release|Any CPU
		{AC439A6C-9A09-DC23-0ED8-434634CC0E04}.Debug|Any CPU.ActiveCfg = Debug|Any CPU
		{AC439A6C-9A09-DC23-0ED8-434634CC0E04}.Debug|Any CPU.Build.0 = Debug|Any CPU
		{AC439A6C-9A09-DC23-0ED8-434634CC0E04}.Release|Any CPU.ActiveCfg = Release|Any CPU
		{AC439A6C-9A09-DC23-0ED8-434634CC0E04}.Release|Any CPU.Build.0 = Release|Any CPU
		{5CF483D0-1A6C-81B2-5A29-BD2E207541DD}.Debug|Any CPU.ActiveCfg = Debug|Any CPU
		{5CF483D0-1A6C-81B2-5A29-BD2E207541DD}.Debug|Any CPU.Build.0 = Debug|Any CPU
		{5CF483D0-1A6C-81B2-5A29-BD2E207541DD}.Release|Any CPU.ActiveCfg = Release|Any CPU
		{5CF483D0-1A6C-81B2-5A29-BD2E207541DD}.Release|Any CPU.Build.0 = Release|Any CPU
		{B43B008D-5A18-9D11-DC45-6C33D464B218}.Debug|Any CPU.ActiveCfg = Debug|Any CPU
		{B43B008D-5A18-9D11-DC45-6C33D464B218}.Debug|Any CPU.Build.0 = Debug|Any CPU
		{B43B008D-5A18-9D11-DC45-6C33D464B218}.Release|Any CPU.ActiveCfg = Release|Any CPU
		{B43B008D-5A18-9D11-DC45-6C33D464B218}.Release|Any CPU.Build.0 = Release|Any CPU
		{3DB60C1F-91CD-F35F-470A-1375B4DD94D1}.Debug|Any CPU.ActiveCfg = Debug|Any CPU
		{3DB60C1F-91CD-F35F-470A-1375B4DD94D1}.Debug|Any CPU.Build.0 = Debug|Any CPU
		{3DB60C1F-91CD-F35F-470A-1375B4DD94D1}.Release|Any CPU.ActiveCfg = Release|Any CPU
		{3DB60C1F-91CD-F35F-470A-1375B4DD94D1}.Release|Any CPU.Build.0 = Release|Any CPU
		{FC58E9EC-4202-9271-0E37-7409197E273E}.Debug|Any CPU.ActiveCfg = Debug|Any CPU
		{FC58E9EC-4202-9271-0E37-7409197E273E}.Debug|Any CPU.Build.0 = Debug|Any CPU
		{FC58E9EC-4202-9271-0E37-7409197E273E}.Release|Any CPU.ActiveCfg = Release|Any CPU
		{FC58E9EC-4202-9271-0E37-7409197E273E}.Release|Any CPU.Build.0 = Release|Any CPU
		{5B549084-163F-46FF-3173-BE0A29EAA35B}.Debug|Any CPU.ActiveCfg = Debug|Any CPU
		{5B549084-163F-46FF-3173-BE0A29EAA35B}.Debug|Any CPU.Build.0 = Debug|Any CPU
		{5B549084-163F-46FF-3173-BE0A29EAA35B}.Release|Any CPU.ActiveCfg = Release|Any CPU
		{5B549084-163F-46FF-3173-BE0A29EAA35B}.Release|Any CPU.Build.0 = Release|Any CPU
		{1958BD8B-D4EF-8FBA-412F-068D6926EAC4}.Debug|Any CPU.ActiveCfg = Debug|Any CPU
		{1958BD8B-D4EF-8FBA-412F-068D6926EAC4}.Debug|Any CPU.Build.0 = Debug|Any CPU
		{1958BD8B-D4EF-8FBA-412F-068D6926EAC4}.Release|Any CPU.ActiveCfg = Release|Any CPU
		{1958BD8B-D4EF-8FBA-412F-068D6926EAC4}.Release|Any CPU.Build.0 = Release|Any CPU
		{4F6B2116-F221-9AEC-D0D6-918EC800AD1A}.Debug|Any CPU.ActiveCfg = Debug|Any CPU
		{4F6B2116-F221-9AEC-D0D6-918EC800AD1A}.Debug|Any CPU.Build.0 = Debug|Any CPU
		{4F6B2116-F221-9AEC-D0D6-918EC800AD1A}.Release|Any CPU.ActiveCfg = Release|Any CPU
		{4F6B2116-F221-9AEC-D0D6-918EC800AD1A}.Release|Any CPU.Build.0 = Release|Any CPU
		{DA16DD72-029F-CC8B-9693-1D1EB8978D2E}.Debug|Any CPU.ActiveCfg = Debug|Any CPU
		{DA16DD72-029F-CC8B-9693-1D1EB8978D2E}.Debug|Any CPU.Build.0 = Debug|Any CPU
		{DA16DD72-029F-CC8B-9693-1D1EB8978D2E}.Release|Any CPU.ActiveCfg = Release|Any CPU
		{DA16DD72-029F-CC8B-9693-1D1EB8978D2E}.Release|Any CPU.Build.0 = Release|Any CPU
		{144893E2-E7CE-975B-4F00-E075EE40DF0A}.Debug|Any CPU.ActiveCfg = Debug|Any CPU
		{144893E2-E7CE-975B-4F00-E075EE40DF0A}.Debug|Any CPU.Build.0 = Debug|Any CPU
		{144893E2-E7CE-975B-4F00-E075EE40DF0A}.Release|Any CPU.ActiveCfg = Release|Any CPU
		{144893E2-E7CE-975B-4F00-E075EE40DF0A}.Release|Any CPU.Build.0 = Release|Any CPU
		{EF391339-50FF-1DDC-5E3A-C9890EB56F99}.Debug|Any CPU.ActiveCfg = Debug|Any CPU
		{EF391339-50FF-1DDC-5E3A-C9890EB56F99}.Debug|Any CPU.Build.0 = Debug|Any CPU
		{EF391339-50FF-1DDC-5E3A-C9890EB56F99}.Release|Any CPU.ActiveCfg = Release|Any CPU
		{EF391339-50FF-1DDC-5E3A-C9890EB56F99}.Release|Any CPU.Build.0 = Release|Any CPU
		{652B8F33-F971-0CA3-9C2F-49686DE16160}.Debug|Any CPU.ActiveCfg = Debug|Any CPU
		{652B8F33-F971-0CA3-9C2F-49686DE16160}.Debug|Any CPU.Build.0 = Debug|Any CPU
		{652B8F33-F971-0CA3-9C2F-49686DE16160}.Release|Any CPU.ActiveCfg = Release|Any CPU
		{652B8F33-F971-0CA3-9C2F-49686DE16160}.Release|Any CPU.Build.0 = Release|Any CPU
		{7D445006-7984-DA1B-BE56-F90BE133ED1E}.Debug|Any CPU.ActiveCfg = Debug|Any CPU
		{7D445006-7984-DA1B-BE56-F90BE133ED1E}.Debug|Any CPU.Build.0 = Debug|Any CPU
		{7D445006-7984-DA1B-BE56-F90BE133ED1E}.Release|Any CPU.ActiveCfg = Release|Any CPU
		{7D445006-7984-DA1B-BE56-F90BE133ED1E}.Release|Any CPU.Build.0 = Release|Any CPU
		{12058183-9DDA-435F-67C1-7BAD43EFC5B9}.Debug|Any CPU.ActiveCfg = Debug|Any CPU
		{12058183-9DDA-435F-67C1-7BAD43EFC5B9}.Debug|Any CPU.Build.0 = Debug|Any CPU
		{12058183-9DDA-435F-67C1-7BAD43EFC5B9}.Release|Any CPU.ActiveCfg = Release|Any CPU
		{12058183-9DDA-435F-67C1-7BAD43EFC5B9}.Release|Any CPU.Build.0 = Release|Any CPU
		{8790D7A0-FEA4-20B3-31EA-B7E5C1133014}.Debug|Any CPU.ActiveCfg = Debug|Any CPU
		{8790D7A0-FEA4-20B3-31EA-B7E5C1133014}.Debug|Any CPU.Build.0 = Debug|Any CPU
		{8790D7A0-FEA4-20B3-31EA-B7E5C1133014}.Release|Any CPU.ActiveCfg = Release|Any CPU
		{8790D7A0-FEA4-20B3-31EA-B7E5C1133014}.Release|Any CPU.Build.0 = Release|Any CPU
		{81DD81D5-46CD-69E6-669F-09E9CAF5A1B1}.Debug|Any CPU.ActiveCfg = Debug|Any CPU
		{81DD81D5-46CD-69E6-669F-09E9CAF5A1B1}.Debug|Any CPU.Build.0 = Debug|Any CPU
		{81DD81D5-46CD-69E6-669F-09E9CAF5A1B1}.Release|Any CPU.ActiveCfg = Release|Any CPU
		{81DD81D5-46CD-69E6-669F-09E9CAF5A1B1}.Release|Any CPU.Build.0 = Release|Any CPU
		{B7BAC44A-EF77-5B9E-8024-0FD3DB1AA950}.Debug|Any CPU.ActiveCfg = Debug|Any CPU
		{B7BAC44A-EF77-5B9E-8024-0FD3DB1AA950}.Debug|Any CPU.Build.0 = Debug|Any CPU
		{B7BAC44A-EF77-5B9E-8024-0FD3DB1AA950}.Release|Any CPU.ActiveCfg = Release|Any CPU
		{B7BAC44A-EF77-5B9E-8024-0FD3DB1AA950}.Release|Any CPU.Build.0 = Release|Any CPU
		{DE5AA8C6-1B2A-C0B4-DFD8-05FCBADEAE28}.Debug|Any CPU.ActiveCfg = Debug|Any CPU
		{DE5AA8C6-1B2A-C0B4-DFD8-05FCBADEAE28}.Debug|Any CPU.Build.0 = Debug|Any CPU
		{DE5AA8C6-1B2A-C0B4-DFD8-05FCBADEAE28}.Release|Any CPU.ActiveCfg = Release|Any CPU
		{DE5AA8C6-1B2A-C0B4-DFD8-05FCBADEAE28}.Release|Any CPU.Build.0 = Release|Any CPU
		{0179B58E-A0AD-242B-E352-4E27441267EF}.Debug|Any CPU.ActiveCfg = Debug|Any CPU
		{0179B58E-A0AD-242B-E352-4E27441267EF}.Debug|Any CPU.Build.0 = Debug|Any CPU
		{0179B58E-A0AD-242B-E352-4E27441267EF}.Release|Any CPU.ActiveCfg = Release|Any CPU
		{0179B58E-A0AD-242B-E352-4E27441267EF}.Release|Any CPU.Build.0 = Release|Any CPU
		{F6DEB70F-DFAF-0AE1-A43C-052498FAF755}.Debug|Any CPU.ActiveCfg = Debug|Any CPU
		{F6DEB70F-DFAF-0AE1-A43C-052498FAF755}.Debug|Any CPU.Build.0 = Debug|Any CPU
		{F6DEB70F-DFAF-0AE1-A43C-052498FAF755}.Release|Any CPU.ActiveCfg = Release|Any CPU
		{F6DEB70F-DFAF-0AE1-A43C-052498FAF755}.Release|Any CPU.Build.0 = Release|Any CPU
		{CC4FA766-155C-3F8D-0F8A-225C9E27F72B}.Debug|Any CPU.ActiveCfg = Debug|Any CPU
		{CC4FA766-155C-3F8D-0F8A-225C9E27F72B}.Debug|Any CPU.Build.0 = Debug|Any CPU
		{CC4FA766-155C-3F8D-0F8A-225C9E27F72B}.Release|Any CPU.ActiveCfg = Release|Any CPU
		{CC4FA766-155C-3F8D-0F8A-225C9E27F72B}.Release|Any CPU.Build.0 = Release|Any CPU
		{8BB96991-119F-BB74-7E18-A74050E9B4BD}.Debug|Any CPU.ActiveCfg = Debug|Any CPU
		{8BB96991-119F-BB74-7E18-A74050E9B4BD}.Debug|Any CPU.Build.0 = Debug|Any CPU
		{8BB96991-119F-BB74-7E18-A74050E9B4BD}.Release|Any CPU.ActiveCfg = Release|Any CPU
		{8BB96991-119F-BB74-7E18-A74050E9B4BD}.Release|Any CPU.Build.0 = Release|Any CPU
		{DEE6A7ED-C470-740D-E205-20CFF262D466}.Debug|Any CPU.ActiveCfg = Debug|Any CPU
		{DEE6A7ED-C470-740D-E205-20CFF262D466}.Debug|Any CPU.Build.0 = Debug|Any CPU
		{DEE6A7ED-C470-740D-E205-20CFF262D466}.Release|Any CPU.ActiveCfg = Release|Any CPU
		{DEE6A7ED-C470-740D-E205-20CFF262D466}.Release|Any CPU.Build.0 = Release|Any CPU
		{7D00107A-EC8A-3A30-8B67-4B1E959A9280}.Debug|Any CPU.ActiveCfg = Debug|Any CPU
		{7D00107A-EC8A-3A30-8B67-4B1E959A9280}.Debug|Any CPU.Build.0 = Debug|Any CPU
		{7D00107A-EC8A-3A30-8B67-4B1E959A9280}.Release|Any CPU.ActiveCfg = Release|Any CPU
		{7D00107A-EC8A-3A30-8B67-4B1E959A9280}.Release|Any CPU.Build.0 = Release|Any CPU
		{17678114-3DEF-C64E-FEB9-92FCB9D8D5CB}.Debug|Any CPU.ActiveCfg = Debug|Any CPU
		{17678114-3DEF-C64E-FEB9-92FCB9D8D5CB}.Debug|Any CPU.Build.0 = Debug|Any CPU
		{17678114-3DEF-C64E-FEB9-92FCB9D8D5CB}.Release|Any CPU.ActiveCfg = Release|Any CPU
		{17678114-3DEF-C64E-FEB9-92FCB9D8D5CB}.Release|Any CPU.Build.0 = Release|Any CPU
		{329FE0E5-AE94-5373-D7CF-96FB847E3805}.Debug|Any CPU.ActiveCfg = Debug|Any CPU
		{329FE0E5-AE94-5373-D7CF-96FB847E3805}.Debug|Any CPU.Build.0 = Debug|Any CPU
		{329FE0E5-AE94-5373-D7CF-96FB847E3805}.Release|Any CPU.ActiveCfg = Release|Any CPU
		{329FE0E5-AE94-5373-D7CF-96FB847E3805}.Release|Any CPU.Build.0 = Release|Any CPU
		{8A1161F1-A26F-7AEF-0B03-D2BED1FF3707}.Debug|Any CPU.ActiveCfg = Debug|Any CPU
		{8A1161F1-A26F-7AEF-0B03-D2BED1FF3707}.Debug|Any CPU.Build.0 = Debug|Any CPU
		{8A1161F1-A26F-7AEF-0B03-D2BED1FF3707}.Release|Any CPU.ActiveCfg = Release|Any CPU
		{8A1161F1-A26F-7AEF-0B03-D2BED1FF3707}.Release|Any CPU.Build.0 = Release|Any CPU
		{C7A76D99-7C99-365A-9668-4496547C3B8F}.Debug|Any CPU.ActiveCfg = Debug|Any CPU
		{C7A76D99-7C99-365A-9668-4496547C3B8F}.Debug|Any CPU.Build.0 = Debug|Any CPU
		{C7A76D99-7C99-365A-9668-4496547C3B8F}.Release|Any CPU.ActiveCfg = Release|Any CPU
		{C7A76D99-7C99-365A-9668-4496547C3B8F}.Release|Any CPU.Build.0 = Release|Any CPU
		{D0F56E3B-F29E-EDD4-E4CE-90172913E5D8}.Debug|Any CPU.ActiveCfg = Debug|Any CPU
		{D0F56E3B-F29E-EDD4-E4CE-90172913E5D8}.Debug|Any CPU.Build.0 = Debug|Any CPU
		{D0F56E3B-F29E-EDD4-E4CE-90172913E5D8}.Release|Any CPU.ActiveCfg = Release|Any CPU
		{D0F56E3B-F29E-EDD4-E4CE-90172913E5D8}.Release|Any CPU.Build.0 = Release|Any CPU
		{BB81B990-A852-CDAB-DDA0-FBE2ED25152B}.Debug|Any CPU.ActiveCfg = Debug|Any CPU
		{BB81B990-A852-CDAB-DDA0-FBE2ED25152B}.Debug|Any CPU.Build.0 = Debug|Any CPU
		{BB81B990-A852-CDAB-DDA0-FBE2ED25152B}.Release|Any CPU.ActiveCfg = Release|Any CPU
		{BB81B990-A852-CDAB-DDA0-FBE2ED25152B}.Release|Any CPU.Build.0 = Release|Any CPU
		{BA9EE46A-7C44-0DE6-FA2A-609A7ECEE2DD}.Debug|Any CPU.ActiveCfg = Debug|Any CPU
		{BA9EE46A-7C44-0DE6-FA2A-609A7ECEE2DD}.Debug|Any CPU.Build.0 = Debug|Any CPU
		{BA9EE46A-7C44-0DE6-FA2A-609A7ECEE2DD}.Release|Any CPU.ActiveCfg = Release|Any CPU
		{BA9EE46A-7C44-0DE6-FA2A-609A7ECEE2DD}.Release|Any CPU.Build.0 = Release|Any CPU
		{D4C01656-ADE1-55B5-9BB1-D604B8F5E07C}.Debug|Any CPU.ActiveCfg = Debug|Any CPU
		{D4C01656-ADE1-55B5-9BB1-D604B8F5E07C}.Debug|Any CPU.Build.0 = Debug|Any CPU
		{D4C01656-ADE1-55B5-9BB1-D604B8F5E07C}.Release|Any CPU.ActiveCfg = Release|Any CPU
		{D4C01656-ADE1-55B5-9BB1-D604B8F5E07C}.Release|Any CPU.Build.0 = Release|Any CPU
		{1E7DBFDA-BC8A-19BF-49F4-E2960D9191B5}.Debug|Any CPU.ActiveCfg = Debug|Any CPU
		{1E7DBFDA-BC8A-19BF-49F4-E2960D9191B5}.Debug|Any CPU.Build.0 = Debug|Any CPU
		{1E7DBFDA-BC8A-19BF-49F4-E2960D9191B5}.Release|Any CPU.ActiveCfg = Release|Any CPU
		{1E7DBFDA-BC8A-19BF-49F4-E2960D9191B5}.Release|Any CPU.Build.0 = Release|Any CPU
		{B0C35C48-069A-1FC1-C5E3-C32215FF9A6B}.Debug|Any CPU.ActiveCfg = Debug|Any CPU
		{B0C35C48-069A-1FC1-C5E3-C32215FF9A6B}.Debug|Any CPU.Build.0 = Debug|Any CPU
		{B0C35C48-069A-1FC1-C5E3-C32215FF9A6B}.Release|Any CPU.ActiveCfg = Release|Any CPU
		{B0C35C48-069A-1FC1-C5E3-C32215FF9A6B}.Release|Any CPU.Build.0 = Release|Any CPU
		{F4256684-AC25-DC7F-614C-3AB6A72059C2}.Debug|Any CPU.ActiveCfg = Debug|Any CPU
		{F4256684-AC25-DC7F-614C-3AB6A72059C2}.Debug|Any CPU.Build.0 = Debug|Any CPU
		{F4256684-AC25-DC7F-614C-3AB6A72059C2}.Release|Any CPU.ActiveCfg = Release|Any CPU
		{F4256684-AC25-DC7F-614C-3AB6A72059C2}.Release|Any CPU.Build.0 = Release|Any CPU
		{7BA23BF7-CE22-601E-E7A2-33C68007CEEC}.Debug|Any CPU.ActiveCfg = Debug|Any CPU
		{7BA23BF7-CE22-601E-E7A2-33C68007CEEC}.Debug|Any CPU.Build.0 = Debug|Any CPU
		{7BA23BF7-CE22-601E-E7A2-33C68007CEEC}.Release|Any CPU.ActiveCfg = Release|Any CPU
		{7BA23BF7-CE22-601E-E7A2-33C68007CEEC}.Release|Any CPU.Build.0 = Release|Any CPU
		{AE406EE7-F9FC-0B2A-E5A2-9C082D5F3A24}.Debug|Any CPU.ActiveCfg = Debug|Any CPU
		{AE406EE7-F9FC-0B2A-E5A2-9C082D5F3A24}.Debug|Any CPU.Build.0 = Debug|Any CPU
		{AE406EE7-F9FC-0B2A-E5A2-9C082D5F3A24}.Release|Any CPU.ActiveCfg = Release|Any CPU
		{AE406EE7-F9FC-0B2A-E5A2-9C082D5F3A24}.Release|Any CPU.Build.0 = Release|Any CPU
		{4128F401-297F-1CA4-7A1C-77200ADF1EF7}.Debug|Any CPU.ActiveCfg = Debug|Any CPU
		{4128F401-297F-1CA4-7A1C-77200ADF1EF7}.Debug|Any CPU.Build.0 = Debug|Any CPU
		{4128F401-297F-1CA4-7A1C-77200ADF1EF7}.Release|Any CPU.ActiveCfg = Release|Any CPU
		{4128F401-297F-1CA4-7A1C-77200ADF1EF7}.Release|Any CPU.Build.0 = Release|Any CPU
		{5A850FDA-6441-E313-D438-81BB6C31E9FD}.Debug|Any CPU.ActiveCfg = Debug|Any CPU
		{5A850FDA-6441-E313-D438-81BB6C31E9FD}.Debug|Any CPU.Build.0 = Debug|Any CPU
		{5A850FDA-6441-E313-D438-81BB6C31E9FD}.Release|Any CPU.ActiveCfg = Release|Any CPU
		{5A850FDA-6441-E313-D438-81BB6C31E9FD}.Release|Any CPU.Build.0 = Release|Any CPU
		{BE225F95-749D-207C-8466-1EB0FA349A40}.Debug|Any CPU.ActiveCfg = Debug|Any CPU
		{BE225F95-749D-207C-8466-1EB0FA349A40}.Debug|Any CPU.Build.0 = Debug|Any CPU
		{BE225F95-749D-207C-8466-1EB0FA349A40}.Release|Any CPU.ActiveCfg = Release|Any CPU
		{BE225F95-749D-207C-8466-1EB0FA349A40}.Release|Any CPU.Build.0 = Release|Any CPU
		{72AF0829-7C11-E341-8B98-78242B3B1405}.Debug|Any CPU.ActiveCfg = Debug|Any CPU
		{72AF0829-7C11-E341-8B98-78242B3B1405}.Debug|Any CPU.Build.0 = Debug|Any CPU
		{72AF0829-7C11-E341-8B98-78242B3B1405}.Release|Any CPU.ActiveCfg = Release|Any CPU
		{72AF0829-7C11-E341-8B98-78242B3B1405}.Release|Any CPU.Build.0 = Release|Any CPU
		{F468EADD-7AB6-4655-1047-A3CF5C04978A}.Debug|Any CPU.ActiveCfg = Debug|Any CPU
		{F468EADD-7AB6-4655-1047-A3CF5C04978A}.Debug|Any CPU.Build.0 = Debug|Any CPU
		{F468EADD-7AB6-4655-1047-A3CF5C04978A}.Release|Any CPU.ActiveCfg = Release|Any CPU
		{F468EADD-7AB6-4655-1047-A3CF5C04978A}.Release|Any CPU.Build.0 = Release|Any CPU
		{683307CE-19C2-1BB5-696F-61C4C8E0859D}.Debug|Any CPU.ActiveCfg = Debug|Any CPU
		{683307CE-19C2-1BB5-696F-61C4C8E0859D}.Debug|Any CPU.Build.0 = Debug|Any CPU
		{683307CE-19C2-1BB5-696F-61C4C8E0859D}.Release|Any CPU.ActiveCfg = Release|Any CPU
		{683307CE-19C2-1BB5-696F-61C4C8E0859D}.Release|Any CPU.Build.0 = Release|Any CPU
	EndGlobalSection
	GlobalSection(SolutionProperties) = preSolution
		HideSolutionNode = FALSE
	EndGlobalSection
EndGlobal
